
Microsoft Visual Studio Solution File, Format Version 12.00
# Visual Studio Version 16
VisualStudioVersion = 16.0.30907.101
MinimumVisualStudioVersion = 10.0.40219.1
Project("{FAE04EC0-301F-11D3-BF4B-00C04F79EFBC}") = "MinesWeeper", "MinesWeeper\MinesWeeper.csproj", "{5398FCFC-36A2-4933-98B4-4536DB6E84D8}"
EndProject
Global
	GlobalSection(SolutionConfigurationPlatforms) = preSolution
		Debug|Any CPU = Debug|Any CPU
		Release|Any CPU = Release|Any CPU
	EndGlobalSection
	GlobalSection(ProjectConfigurationPlatforms) = postSolution
		{5398FCFC-36A2-4933-98B4-4536DB6E84D8}.Debug|Any CPU.ActiveCfg = Debug|Any CPU
		{5398FCFC-36A2-4933-98B4-4536DB6E84D8}.Debug|Any CPU.Build.0 = Debug|Any CPU
		{5398FCFC-36A2-4933-98B4-4536DB6E84D8}.Release|Any CPU.ActiveCfg = Release|Any CPU
		{5398FCFC-36A2-4933-98B4-4536DB6E84D8}.Release|Any CPU.Build.0 = Release|Any CPU
	EndGlobalSection
	GlobalSection(SolutionProperties) = preSolution
		HideSolutionNode = FALSE
	EndGlobalSection
	GlobalSection(ExtensibilityGlobals) = postSolution
		SolutionGuid = {C4C5CD08-30A9-4794-A14F-A509B171B5F1}
	EndGlobalSection
EndGlobal
